// !$*UTF8*$!
{
	archiveVersion = 1;
	classes = {
	};
	objectVersion = 48;
	objects = {

/* Begin PBXBuildFile section */
		F500E74A2075ED17003F7FB8 /* AppDelegate.swift in Sources */ = {isa = PBXBuildFile; fileRef = F500E7492075ED17003F7FB8 /* AppDelegate.swift */; };
		F500E74C2075ED17003F7FB8 /* ViewController.swift in Sources */ = {isa = PBXBuildFile; fileRef = F500E74B2075ED17003F7FB8 /* ViewController.swift */; };
		F500E74F2075ED17003F7FB8 /* Main.storyboard in Resources */ = {isa = PBXBuildFile; fileRef = F500E74D2075ED17003F7FB8 /* Main.storyboard */; };
		F500E7512075ED17003F7FB8 /* Assets.xcassets in Resources */ = {isa = PBXBuildFile; fileRef = F500E7502075ED17003F7FB8 /* Assets.xcassets */; };
		F500E7542075ED17003F7FB8 /* LaunchScreen.storyboard in Resources */ = {isa = PBXBuildFile; fileRef = F500E7522075ED17003F7FB8 /* LaunchScreen.storyboard */; };
		F500E7612075ED47003F7FB8 /* frame1.png in Resources */ = {isa = PBXBuildFile; fileRef = F500E75C2075ED47003F7FB8 /* frame1.png */; };
		F500E7622075ED47003F7FB8 /* frame3.png in Resources */ = {isa = PBXBuildFile; fileRef = F500E75D2075ED47003F7FB8 /* frame3.png */; };
		F500E7632075ED47003F7FB8 /* frame5.png in Resources */ = {isa = PBXBuildFile; fileRef = F500E75E2075ED47003F7FB8 /* frame5.png */; };
		F500E7642075ED47003F7FB8 /* frame4.png in Resources */ = {isa = PBXBuildFile; fileRef = F500E75F2075ED47003F7FB8 /* frame4.png */; };
		F500E7652075ED47003F7FB8 /* frame2.png in Resources */ = {isa = PBXBuildFile; fileRef = F500E7602075ED47003F7FB8 /* frame2.png */; };
/* End PBXBuildFile section */

/* Begin PBXFileReference section */
		F500E7462075ED17003F7FB8 /* Alien play Tiemr.app */ = {isa = PBXFileReference; explicitFileType = wrapper.application; includeInIndex = 0; path = "Alien play Tiemr.app"; sourceTree = BUILT_PRODUCTS_DIR; };
		F500E7492075ED17003F7FB8 /* AppDelegate.swift */ = {isa = PBXFileReference; lastKnownFileType = sourcecode.swift; path = AppDelegate.swift; sourceTree = "<group>"; };
		F500E74B2075ED17003F7FB8 /* ViewController.swift */ = {isa = PBXFileReference; lastKnownFileType = sourcecode.swift; path = ViewController.swift; sourceTree = "<group>"; };
		F500E74E2075ED17003F7FB8 /* Base */ = {isa = PBXFileReference; lastKnownFileType = file.storyboard; name = Base; path = Base.lproj/Main.storyboard; sourceTree = "<group>"; };
		F500E7502075ED17003F7FB8 /* Assets.xcassets */ = {isa = PBXFileReference; lastKnownFileType = folder.assetcatalog; path = Assets.xcassets; sourceTree = "<group>"; };
		F500E7532075ED17003F7FB8 /* Base */ = {isa = PBXFileReference; lastKnownFileType = file.storyboard; name = Base; path = Base.lproj/LaunchScreen.storyboard; sourceTree = "<group>"; };
		F500E7552075ED17003F7FB8 /* Info.plist */ = {isa = PBXFileReference; lastKnownFileType = text.plist.xml; path = Info.plist; sourceTree = "<group>"; };
		F500E75C2075ED47003F7FB8 /* frame1.png */ = {isa = PBXFileReference; lastKnownFileType = image.png; path = frame1.png; sourceTree = "<group>"; };
		F500E75D2075ED47003F7FB8 /* frame3.png */ = {isa = PBXFileReference; lastKnownFileType = image.png; path = frame3.png; sourceTree = "<group>"; };
		F500E75E2075ED47003F7FB8 /* frame5.png */ = {isa = PBXFileReference; lastKnownFileType = image.png; path = frame5.png; sourceTree = "<group>"; };
		F500E75F2075ED47003F7FB8 /* frame4.png */ = {isa = PBXFileReference; lastKnownFileType = image.png; path = frame4.png; sourceTree = "<group>"; };
		F500E7602075ED47003F7FB8 /* frame2.png */ = {isa = PBXFileReference; lastKnownFileType = image.png; path = frame2.png; sourceTree = "<group>"; };
/* End PBXFileReference section */

/* Begin PBXFrameworksBuildPhase section */
		F500E7432075ED17003F7FB8 /* Frameworks */ = {
			isa = PBXFrameworksBuildPhase;
			buildActionMask = 2147483647;
			files = (
			);
			runOnlyForDeploymentPostprocessing = 0;
		};
/* End PBXFrameworksBuildPhase section */

/* Begin PBXGroup section */
		F500E73D2075ED17003F7FB8 = {
			isa = PBXGroup;
			children = (
				F500E7482075ED17003F7FB8 /* Alien play Tiemr */,
				F500E7472075ED17003F7FB8 /* Products */,
			);
			sourceTree = "<group>";
		};
		F500E7472075ED17003F7FB8 /* Products */ = {
			isa = PBXGroup;
			children = (
				F500E7462075ED17003F7FB8 /* Alien play Tiemr.app */,
			);
			name = Products;
			sourceTree = "<group>";
		};
		F500E7482075ED17003F7FB8 /* Alien play Tiemr */ = {
			isa = PBXGroup;
			children = (
				F500E75B2075ED2C003F7FB8 /* image */,
				F500E7492075ED17003F7FB8 /* AppDelegate.swift */,
				F500E74B2075ED17003F7FB8 /* ViewController.swift */,
				F500E74D2075ED17003F7FB8 /* Main.storyboard */,
				F500E7502075ED17003F7FB8 /* Assets.xcassets */,
				F500E7522075ED17003F7FB8 /* LaunchScreen.storyboard */,
				F500E7552075ED17003F7FB8 /* Info.plist */,
			);
			path = "Alien play Tiemr";
			sourceTree = "<group>";
		};
		F500E75B2075ED2C003F7FB8 /* image */ = {
			isa = PBXGroup;
			children = (
				F500E75C2075ED47003F7FB8 /* frame1.png */,
				F500E7602075ED47003F7FB8 /* frame2.png */,
				F500E75D2075ED47003F7FB8 /* frame3.png */,
				F500E75F2075ED47003F7FB8 /* frame4.png */,
				F500E75E2075ED47003F7FB8 /* frame5.png */,
			);
			path = image;
			sourceTree = "<group>";
		};
/* End PBXGroup section */

/* Begin PBXNativeTarget section */
		F500E7452075ED17003F7FB8 /* Alien play Tiemr */ = {
			isa = PBXNativeTarget;
			buildConfigurationList = F500E7582075ED17003F7FB8 /* Build configuration list for PBXNativeTarget "Alien play Tiemr" */;
			buildPhases = (
				F500E7422075ED17003F7FB8 /* Sources */,
				F500E7432075ED17003F7FB8 /* Frameworks */,
				F500E7442075ED17003F7FB8 /* Resources */,
			);
			buildRules = (
			);
			dependencies = (
			);
			name = "Alien play Tiemr";
			productName = "Alien play Tiemr";
			productReference = F500E7462075ED17003F7FB8 /* Alien play Tiemr.app */;
			productType = "com.apple.product-type.application";
		};
/* End PBXNativeTarget section */

/* Begin PBXProject section */
		F500E73E2075ED17003F7FB8 /* Project object */ = {
			isa = PBXProject;
			attributes = {
				LastSwiftUpdateCheck = 0920;
				LastUpgradeCheck = 0920;
				ORGANIZATIONNAME = D7703_22;
				TargetAttributes = {
					F500E7452075ED17003F7FB8 = {
						CreatedOnToolsVersion = 9.2;
						ProvisioningStyle = Automatic;
					};
				};
			};
			buildConfigurationList = F500E7412075ED17003F7FB8 /* Build configuration list for PBXProject "Alien play Tiemr" */;
			compatibilityVersion = "Xcode 8.0";
			developmentRegion = en;
			hasScannedForEncodings = 0;
			knownRegions = (
				en,
				Base,
			);
			mainGroup = F500E73D2075ED17003F7FB8;
			productRefGroup = F500E7472075ED17003F7FB8 /* Products */;
			projectDirPath = "";
			projectRoot = "";
			targets = (
				F500E7452075ED17003F7FB8 /* Alien play Tiemr */,
			);
		};
/* End PBXProject section */

/* Begin PBXResourcesBuildPhase section */
		F500E7442075ED17003F7FB8 /* Resources */ = {
			isa = PBXResourcesBuildPhase;
			buildActionMask = 2147483647;
			files = (
				F500E7622075ED47003F7FB8 /* frame3.png in Resources */,
				F500E7542075ED17003F7FB8 /* LaunchScreen.storyboard in Resources */,
				F500E7652075ED47003F7FB8 /* frame2.png in Resources */,
				F500E7642075ED47003F7FB8 /* frame4.png in Resources */,
				F500E7612075ED47003F7FB8 /* frame1.png in Resources */,
				F500E7512075ED17003F7FB8 /* Assets.xcassets in Resources */,
				F500E74F2075ED17003F7FB8 /* Main.storyboard in Resources */,
				F500E7632075ED47003F7FB8 /* frame5.png in Resources */,
			);
			runOnlyForDeploymentPostprocessing = 0;
		};
/* End PBXResourcesBuildPhase section */

/* Begin PBXSourcesBuildPhase section */
		F500E7422075ED17003F7FB8 /* Sources */ = {
			isa = PBXSourcesBuildPhase;
			buildActionMask = 2147483647;
			files = (
				F500E74C2075ED17003F7FB8 /* ViewController.swift in Sources */,
				F500E74A2075ED17003F7FB8 /* AppDelegate.swift in Sources */,
			);
			runOnlyForDeploymentPostprocessing = 0;
		};
/* End PBXSourcesBuildPhase section */

/* Begin PBXVariantGroup section */
		F500E74D2075ED17003F7FB8 /* Main.storyboard */ = {
			isa = PBXVariantGroup;
			children = (
				F500E74E2075ED17003F7FB8 /* Base */,
			);
			name = Main.storyboard;
			sourceTree = "<group>";
		};
		F500E7522075ED17003F7FB8 /* LaunchScreen.storyboard */ = {
			isa = PBXVariantGroup;
			children = (
				F500E7532075ED17003F7FB8 /* Base */,
			);
			name = LaunchScreen.storyboard;
			sourceTree = "<group>";
		};
/* End PBXVariantGroup section */

/* Begin XCBuildConfiguration section */
		F500E7562075ED17003F7FB8 /* Debug */ = {
			isa = XCBuildConfiguration;
			buildSettings = {
				ALWAYS_SEARCH_USER_PATHS = NO;
				CLANG_ANALYZER_NONNULL = YES;
				CLANG_ANALYZER_NUMBER_OBJECT_CONVERSION = YES_AGGRESSIVE;
				CLANG_CXX_LANGUAGE_STANDARD = "gnu++14";
				CLANG_CXX_LIBRARY = "libc++";
				CLANG_ENABLE_MODULES = YES;
				CLANG_ENABLE_OBJC_ARC = YES;
				CLANG_WARN_BLOCK_CAPTURE_AUTORELEASING = YES;
				CLANG_WARN_BOOL_CONVERSION = YES;
				CLANG_WARN_COMMA = YES;
				CLANG_WARN_CONSTANT_CONVERSION = YES;
				CLANG_WARN_DIRECT_OBJC_ISA_USAGE = YES_ERROR;
				CLANG_WARN_DOCUMENTATION_COMMENTS = YES;
				CLANG_WARN_EMPTY_BODY = YES;
				CLANG_WARN_ENUM_CONVERSION = YES;
				CLANG_WARN_INFINITE_RECURSION = YES;
				CLANG_WARN_INT_CONVERSION = YES;
				CLANG_WARN_NON_LITERAL_NULL_CONVERSION = YES;
				CLANG_WARN_OBJC_LITERAL_CONVERSION = YES;
				CLANG_WARN_OBJC_ROOT_CLASS = YES_ERROR;
				CLANG_WARN_RANGE_LOOP_ANALYSIS = YES;
				CLANG_WARN_STRICT_PROTOTYPES = YES;
				CLANG_WARN_SUSPICIOUS_MOVE = YES;
				CLANG_WARN_UNGUARDED_AVAILABILITY = YES_AGGRESSIVE;
				CLANG_WARN_UNREACHABLE_CODE = YES;
				CLANG_WARN__DUPLICATE_METHOD_MATCH = YES;
				CODE_SIGN_IDENTITY = "iPhone Developer";
				COPY_PHASE_STRIP = NO;
				DEBUG_INFORMATION_FORMAT = dwarf;
				ENABLE_STRICT_OBJC_MSGSEND = YES;
				ENABLE_TESTABILITY = YES;
				GCC_C_LANGUAGE_STANDARD = gnu11;
				GCC_DYNAMIC_NO_PIC = NO;
				GCC_NO_COMMON_BLOCKS = YES;
				GCC_OPTIMIZATION_LEVEL = 0;
				GCC_PREPROCESSOR_DEFINITIONS = (
					"DEBUG=1",
					"$(inherited)",
				);
				GCC_WARN_64_TO_32_BIT_CONVERSION = YES;
				GCC_WARN_ABOUT_RETURN_TYPE = YES_ERROR;
				GCC_WARN_UNDECLARED_SELECTOR = YES;
				GCC_WARN_UNINITIALIZED_AUTOS = YES_AGGRESSIVE;
				GCC_WARN_UNUSED_FUNCTION = YES;
				GCC_WARN_UNUSED_VARIABLE = YES;
				IPHONEOS_DEPLOYMENT_TARGET = 11.2;
				MTL_ENABLE_DEBUG_INFO = YES;
				ONLY_ACTIVE_ARCH = YES;
				SDKROOT = iphoneos;
				SWIFT_ACTIVE_COMPILATION_CONDITIONS = DEBUG;
				SWIFT_OPTIMIZATION_LEVEL = "-Onone";
			};
			name = Debug;
		};
		F500E7572075ED17003F7FB8 /* Release */ = {
			isa = XCBuildConfiguration;
			buildSettings = {
				ALWAYS_SEARCH_USER_PATHS = NO;
				CLANG_ANALYZER_NONNULL = YES;
				CLANG_ANALYZER_NUMBER_OBJECT_CONVERSION = YES_AGGRESSIVE;
				CLANG_CXX_LANGUAGE_STANDARD = "gnu++14";
				CLANG_CXX_LIBRARY = "libc++";
				CLANG_ENABLE_MODULES = YES;
				CLANG_ENABLE_OBJC_ARC = YES;
				CLANG_WARN_BLOCK_CAPTURE_AUTORELEASING = YES;
				CLANG_WARN_BOOL_CONVERSION = YES;
				CLANG_WARN_COMMA = YES;
				CLANG_WARN_CONSTANT_CONVERSION = YES;
				CLANG_WARN_DIRECT_OBJC_ISA_USAGE = YES_ERROR;
				CLANG_WARN_DOCUMENTATION_COMMENTS = YES;
				CLANG_WARN_EMPTY_BODY = YES;
				CLANG_WARN_ENUM_CONVERSION = YES;
				CLANG_WARN_INFINITE_RECURSION = YES;
				CLANG_WARN_INT_CONVERSION = YES;
				CLANG_WARN_NON_LITERAL_NULL_CONVERSION = YES;
				CLANG_WARN_OBJC_LITERAL_CONVERSION = YES;
				CLANG_WARN_OBJC_ROOT_CLASS = YES_ERROR;
				CLANG_WARN_RANGE_LOOP_ANALYSIS = YES;
				CLANG_WARN_STRICT_PROTOTYPES = YES;
				CLANG_WARN_SUSPICIOUS_MOVE = YES;
				CLANG_WARN_UNGUARDED_AVAILABILITY = YES_AGGRESSIVE;
				CLANG_WARN_UNREACHABLE_CODE = YES;
				CLANG_WARN__DUPLICATE_METHOD_MATCH = YES;
				CODE_SIGN_IDENTITY = "iPhone Developer";
				COPY_PHASE_STRIP = NO;
				DEBUG_INFORMATION_FORMAT = "dwarf-with-dsym";
				ENABLE_NS_ASSERTIONS = NO;
				ENABLE_STRICT_OBJC_MSGSEND = YES;
				GCC_C_LANGUAGE_STANDARD = gnu11;
				GCC_NO_COMMON_BLOCKS = YES;
				GCC_WARN_64_TO_32_BIT_CONVERSION = YES;
				GCC_WARN_ABOUT_RETURN_TYPE = YES_ERROR;
				GCC_WARN_UNDECLARED_SELECTOR = YES;
				GCC_WARN_UNINITIALIZED_AUTOS = YES_AGGRESSIVE;
				GCC_WARN_UNUSED_FUNCTION = YES;
				GCC_WARN_UNUSED_VARIABLE = YES;
				IPHONEOS_DEPLOYMENT_TARGET = 11.2;
				MTL_ENABLE_DEBUG_INFO = NO;
				SDKROOT = iphoneos;
				SWIFT_OPTIMIZATION_LEVEL = "-Owholemodule";
				VALIDATE_PRODUCT = YES;
			};
			name = Release;
		};
		F500E7592075ED17003F7FB8 /* Debug */ = {
			isa = XCBuildConfiguration;
			buildSettings = {
				ASSETCATALOG_COMPILER_APPICON_NAME = AppIcon;
				CODE_SIGN_STYLE = Automatic;
				INFOPLIST_FILE = "Alien play Tiemr/Info.plist";
				LD_RUNPATH_SEARCH_PATHS = "$(inherited) @executable_path/Frameworks";
				PRODUCT_BUNDLE_IDENTIFIER = "dit.co.kr.Alien-play-Tiemr";
				PRODUCT_NAME = "$(TARGET_NAME)";
				SWIFT_VERSION = 4.0;
				TARGETED_DEVICE_FAMILY = "1,2";
			};
			name = Debug;
		};
		F500E75A2075ED17003F7FB8 /* Release */ = {
			isa = XCBuildConfiguration;
			buildSettings = {
				ASSETCATALOG_COMPILER_APPICON_NAME = AppIcon;
				CODE_SIGN_STYLE = Automatic;
				INFOPLIST_FILE = "Alien play Tiemr/Info.plist";
				LD_RUNPATH_SEARCH_PATHS = "$(inherited) @executable_path/Frameworks";
				PRODUCT_BUNDLE_IDENTIFIER = "dit.co.kr.Alien-play-Tiemr";
				PRODUCT_NAME = "$(TARGET_NAME)";
				SWIFT_VERSION = 4.0;
				TARGETED_DEVICE_FAMILY = "1,2";
			};
			name = Release;
		};
/* End XCBuildConfiguration section */

/* Begin XCConfigurationList section */
		F500E7412075ED17003F7FB8 /* Build configuration list for PBXProject "Alien play Tiemr" */ = {
			isa = XCConfigurationList;
			buildConfigurations = (
				F500E7562075ED17003F7FB8 /* Debug */,
				F500E7572075ED17003F7FB8 /* Release */,
			);
			defaultConfigurationIsVisible = 0;
			defaultConfigurationName = Release;
		};
		F500E7582075ED17003F7FB8 /* Build configuration list for PBXNativeTarget "Alien play Tiemr" */ = {
			isa = XCConfigurationList;
			buildConfigurations = (
				F500E7592075ED17003F7FB8 /* Debug */,
				F500E75A2075ED17003F7FB8 /* Release */,
			);
			defaultConfigurationIsVisible = 0;
			defaultConfigurationName = Release;
		};
/* End XCConfigurationList section */
	};
	rootObject = F500E73E2075ED17003F7FB8 /* Project object */;
}
